
Microsoft Visual Studio Solution File, Format Version 12.00
# Visual Studio Version 16
VisualStudioVersion = 16.0.32002.261
MinimumVisualStudioVersion = 10.0.40219.1
Project("{FAE04EC0-301F-11D3-BF4B-00C04F79EFBC}") = "Ders3", "Ders3\Ders3.csproj", "{B3F2C319-B93B-416C-A589-2A037E6C7E54}"
EndProject
Global
	GlobalSection(SolutionConfigurationPlatforms) = preSolution
		Debug|Any CPU = Debug|Any CPU
		Release|Any CPU = Release|Any CPU
	EndGlobalSection
	GlobalSection(ProjectConfigurationPlatforms) = postSolution
		{B3F2C319-B93B-416C-A589-2A037E6C7E54}.Debug|Any CPU.ActiveCfg = Debug|Any CPU
		{B3F2C319-B93B-416C-A589-2A037E6C7E54}.Debug|Any CPU.Build.0 = Debug|Any CPU
		{B3F2C319-B93B-416C-A589-2A037E6C7E54}.Release|Any CPU.ActiveCfg = Release|Any CPU
		{B3F2C319-B93B-416C-A589-2A037E6C7E54}.Release|Any CPU.Build.0 = Release|Any CPU
	EndGlobalSection
	GlobalSection(SolutionProperties) = preSolution
		HideSolutionNode = FALSE
	EndGlobalSection
	GlobalSection(ExtensibilityGlobals) = postSolution
		SolutionGuid = {889318E6-CD94-4535-8FB0-83A00643C9E7}
	EndGlobalSection
EndGlobal
