
Microsoft Visual Studio Solution File, Format Version 12.00
# Visual Studio Version 16
VisualStudioVersion = 16.0.32002.261
MinimumVisualStudioVersion = 10.0.40219.1
Project("{FAE04EC0-301F-11D3-BF4B-00C04F79EFBC}") = "ders7", "ders7\ders7.csproj", "{C8C0CBDB-140C-458E-BC35-62DD856FE58B}"
EndProject
Global
	GlobalSection(SolutionConfigurationPlatforms) = preSolution
		Debug|Any CPU = Debug|Any CPU
		Release|Any CPU = Release|Any CPU
	EndGlobalSection
	GlobalSection(ProjectConfigurationPlatforms) = postSolution
		{C8C0CBDB-140C-458E-BC35-62DD856FE58B}.Debug|Any CPU.ActiveCfg = Debug|Any CPU
		{C8C0CBDB-140C-458E-BC35-62DD856FE58B}.Debug|Any CPU.Build.0 = Debug|Any CPU
		{C8C0CBDB-140C-458E-BC35-62DD856FE58B}.Release|Any CPU.ActiveCfg = Release|Any CPU
		{C8C0CBDB-140C-458E-BC35-62DD856FE58B}.Release|Any CPU.Build.0 = Release|Any CPU
	EndGlobalSection
	GlobalSection(SolutionProperties) = preSolution
		HideSolutionNode = FALSE
	EndGlobalSection
	GlobalSection(ExtensibilityGlobals) = postSolution
		SolutionGuid = {A7A8967E-5818-4B8C-AF2E-00285F1378F3}
	EndGlobalSection
EndGlobal
