
Microsoft Visual Studio Solution File, Format Version 12.00
# Visual Studio Version 16
VisualStudioVersion = 16.0.32002.261
MinimumVisualStudioVersion = 10.0.40219.1
Project("{FAE04EC0-301F-11D3-BF4B-00C04F79EFBC}") = "Ders_04_While", "Ders_04_While\Ders_04_While.csproj", "{9D8CE402-8294-48B2-AE2B-C66751315634}"
EndProject
Global
	GlobalSection(SolutionConfigurationPlatforms) = preSolution
		Debug|Any CPU = Debug|Any CPU
		Release|Any CPU = Release|Any CPU
	EndGlobalSection
	GlobalSection(ProjectConfigurationPlatforms) = postSolution
		{9D8CE402-8294-48B2-AE2B-C66751315634}.Debug|Any CPU.ActiveCfg = Debug|Any CPU
		{9D8CE402-8294-48B2-AE2B-C66751315634}.Debug|Any CPU.Build.0 = Debug|Any CPU
		{9D8CE402-8294-48B2-AE2B-C66751315634}.Release|Any CPU.ActiveCfg = Release|Any CPU
		{9D8CE402-8294-48B2-AE2B-C66751315634}.Release|Any CPU.Build.0 = Release|Any CPU
	EndGlobalSection
	GlobalSection(SolutionProperties) = preSolution
		HideSolutionNode = FALSE
	EndGlobalSection
	GlobalSection(ExtensibilityGlobals) = postSolution
		SolutionGuid = {F751FA6E-79F7-4AAD-BAA6-30896A15F243}
	EndGlobalSection
EndGlobal
