
Microsoft Visual Studio Solution File, Format Version 12.00
# Visual Studio Version 16
VisualStudioVersion = 16.0.32002.261
MinimumVisualStudioVersion = 10.0.40219.1
Project("{FAE04EC0-301F-11D3-BF4B-00C04F79EFBC}") = "Ders_04_Goto_Switch", "Ders_04_Goto_Switch\Ders_04_Goto_Switch.csproj", "{8A50605D-327D-4DE1-A885-FB7B54523A6F}"
EndProject
Global
	GlobalSection(SolutionConfigurationPlatforms) = preSolution
		Debug|Any CPU = Debug|Any CPU
		Release|Any CPU = Release|Any CPU
	EndGlobalSection
	GlobalSection(ProjectConfigurationPlatforms) = postSolution
		{8A50605D-327D-4DE1-A885-FB7B54523A6F}.Debug|Any CPU.ActiveCfg = Debug|Any CPU
		{8A50605D-327D-4DE1-A885-FB7B54523A6F}.Debug|Any CPU.Build.0 = Debug|Any CPU
		{8A50605D-327D-4DE1-A885-FB7B54523A6F}.Release|Any CPU.ActiveCfg = Release|Any CPU
		{8A50605D-327D-4DE1-A885-FB7B54523A6F}.Release|Any CPU.Build.0 = Release|Any CPU
	EndGlobalSection
	GlobalSection(SolutionProperties) = preSolution
		HideSolutionNode = FALSE
	EndGlobalSection
	GlobalSection(ExtensibilityGlobals) = postSolution
		SolutionGuid = {AE45E641-022D-403D-988C-D68BEEBF1672}
	EndGlobalSection
EndGlobal
