
Microsoft Visual Studio Solution File, Format Version 12.00
# Visual Studio Version 16
VisualStudioVersion = 16.0.32002.261
MinimumVisualStudioVersion = 10.0.40219.1
Project("{FAE04EC0-301F-11D3-BF4B-00C04F79EFBC}") = "Ders_08_MathMetods", "Ders_08_MathMetods\Ders_08_MathMetods.csproj", "{8E485FB5-7867-4AD4-9B14-C41D93342613}"
EndProject
Global
	GlobalSection(SolutionConfigurationPlatforms) = preSolution
		Debug|Any CPU = Debug|Any CPU
		Release|Any CPU = Release|Any CPU
	EndGlobalSection
	GlobalSection(ProjectConfigurationPlatforms) = postSolution
		{8E485FB5-7867-4AD4-9B14-C41D93342613}.Debug|Any CPU.ActiveCfg = Debug|Any CPU
		{8E485FB5-7867-4AD4-9B14-C41D93342613}.Debug|Any CPU.Build.0 = Debug|Any CPU
		{8E485FB5-7867-4AD4-9B14-C41D93342613}.Release|Any CPU.ActiveCfg = Release|Any CPU
		{8E485FB5-7867-4AD4-9B14-C41D93342613}.Release|Any CPU.Build.0 = Release|Any CPU
	EndGlobalSection
	GlobalSection(SolutionProperties) = preSolution
		HideSolutionNode = FALSE
	EndGlobalSection
	GlobalSection(ExtensibilityGlobals) = postSolution
		SolutionGuid = {D3A35995-C3D6-4CA9-9172-2C846A3F9F81}
	EndGlobalSection
EndGlobal
