
Microsoft Visual Studio Solution File, Format Version 12.00
# Visual Studio Version 16
VisualStudioVersion = 16.0.32002.261
MinimumVisualStudioVersion = 10.0.40219.1
Project("{FAE04EC0-301F-11D3-BF4B-00C04F79EFBC}") = "Ders_06_Metotlar-1", "Ders_06_Metotlar-1\Ders_06_Metotlar-1.csproj", "{7F86C40C-92EF-4B09-BDBE-DDE63C22E728}"
EndProject
Global
	GlobalSection(SolutionConfigurationPlatforms) = preSolution
		Debug|Any CPU = Debug|Any CPU
		Release|Any CPU = Release|Any CPU
	EndGlobalSection
	GlobalSection(ProjectConfigurationPlatforms) = postSolution
		{7F86C40C-92EF-4B09-BDBE-DDE63C22E728}.Debug|Any CPU.ActiveCfg = Debug|Any CPU
		{7F86C40C-92EF-4B09-BDBE-DDE63C22E728}.Debug|Any CPU.Build.0 = Debug|Any CPU
		{7F86C40C-92EF-4B09-BDBE-DDE63C22E728}.Release|Any CPU.ActiveCfg = Release|Any CPU
		{7F86C40C-92EF-4B09-BDBE-DDE63C22E728}.Release|Any CPU.Build.0 = Release|Any CPU
	EndGlobalSection
	GlobalSection(SolutionProperties) = preSolution
		HideSolutionNode = FALSE
	EndGlobalSection
	GlobalSection(ExtensibilityGlobals) = postSolution
		SolutionGuid = {49917C8A-534C-492C-9D6D-BB6BFC3D7201}
	EndGlobalSection
EndGlobal
