
Microsoft Visual Studio Solution File, Format Version 12.00
# Visual Studio Version 16
VisualStudioVersion = 16.0.32002.261
MinimumVisualStudioVersion = 10.0.40219.1
Project("{FAE04EC0-301F-11D3-BF4B-00C04F79EFBC}") = "Ders5", "Ders5\Ders5.csproj", "{D1B3598E-BFF8-4CFB-AADE-F75B95BC9989}"
EndProject
Global
	GlobalSection(SolutionConfigurationPlatforms) = preSolution
		Debug|Any CPU = Debug|Any CPU
		Release|Any CPU = Release|Any CPU
	EndGlobalSection
	GlobalSection(ProjectConfigurationPlatforms) = postSolution
		{D1B3598E-BFF8-4CFB-AADE-F75B95BC9989}.Debug|Any CPU.ActiveCfg = Debug|Any CPU
		{D1B3598E-BFF8-4CFB-AADE-F75B95BC9989}.Debug|Any CPU.Build.0 = Debug|Any CPU
		{D1B3598E-BFF8-4CFB-AADE-F75B95BC9989}.Release|Any CPU.ActiveCfg = Release|Any CPU
		{D1B3598E-BFF8-4CFB-AADE-F75B95BC9989}.Release|Any CPU.Build.0 = Release|Any CPU
	EndGlobalSection
	GlobalSection(SolutionProperties) = preSolution
		HideSolutionNode = FALSE
	EndGlobalSection
	GlobalSection(ExtensibilityGlobals) = postSolution
		SolutionGuid = {0E93FCFB-946A-49EF-864C-98317C370B79}
	EndGlobalSection
EndGlobal
