
Microsoft Visual Studio Solution File, Format Version 12.00
# Visual Studio Version 16
VisualStudioVersion = 16.0.32002.261
MinimumVisualStudioVersion = 10.0.40219.1
Project("{FAE04EC0-301F-11D3-BF4B-00C04F79EFBC}") = "Ders2", "Ders2\Ders2.csproj", "{356EB6FA-B8CE-4613-B644-1FDE02A3739D}"
EndProject
Global
	GlobalSection(SolutionConfigurationPlatforms) = preSolution
		Debug|Any CPU = Debug|Any CPU
		Release|Any CPU = Release|Any CPU
	EndGlobalSection
	GlobalSection(ProjectConfigurationPlatforms) = postSolution
		{356EB6FA-B8CE-4613-B644-1FDE02A3739D}.Debug|Any CPU.ActiveCfg = Debug|Any CPU
		{356EB6FA-B8CE-4613-B644-1FDE02A3739D}.Debug|Any CPU.Build.0 = Debug|Any CPU
		{356EB6FA-B8CE-4613-B644-1FDE02A3739D}.Release|Any CPU.ActiveCfg = Release|Any CPU
		{356EB6FA-B8CE-4613-B644-1FDE02A3739D}.Release|Any CPU.Build.0 = Release|Any CPU
	EndGlobalSection
	GlobalSection(SolutionProperties) = preSolution
		HideSolutionNode = FALSE
	EndGlobalSection
	GlobalSection(ExtensibilityGlobals) = postSolution
		SolutionGuid = {5C5BF283-F6F2-4115-849C-64074B6D7A6E}
	EndGlobalSection
EndGlobal
