
Microsoft Visual Studio Solution File, Format Version 12.00
# Visual Studio Version 16
VisualStudioVersion = 16.0.32002.261
MinimumVisualStudioVersion = 10.0.40219.1
Project("{FAE04EC0-301F-11D3-BF4B-00C04F79EFBC}") = "Ders_05_For_Devam", "Ders_05_For_Devam\Ders_05_For_Devam.csproj", "{605AA446-329E-48C4-BCCE-B535EE723397}"
EndProject
Global
	GlobalSection(SolutionConfigurationPlatforms) = preSolution
		Debug|Any CPU = Debug|Any CPU
		Release|Any CPU = Release|Any CPU
	EndGlobalSection
	GlobalSection(ProjectConfigurationPlatforms) = postSolution
		{605AA446-329E-48C4-BCCE-B535EE723397}.Debug|Any CPU.ActiveCfg = Debug|Any CPU
		{605AA446-329E-48C4-BCCE-B535EE723397}.Debug|Any CPU.Build.0 = Debug|Any CPU
		{605AA446-329E-48C4-BCCE-B535EE723397}.Release|Any CPU.ActiveCfg = Release|Any CPU
		{605AA446-329E-48C4-BCCE-B535EE723397}.Release|Any CPU.Build.0 = Release|Any CPU
	EndGlobalSection
	GlobalSection(SolutionProperties) = preSolution
		HideSolutionNode = FALSE
	EndGlobalSection
	GlobalSection(ExtensibilityGlobals) = postSolution
		SolutionGuid = {DBA97A1F-3D4B-44CE-9361-DEA74D32E320}
	EndGlobalSection
EndGlobal
