
Microsoft Visual Studio Solution File, Format Version 12.00
# Visual Studio Version 16
VisualStudioVersion = 16.0.32002.261
MinimumVisualStudioVersion = 10.0.40219.1
Project("{FAE04EC0-301F-11D3-BF4B-00C04F79EFBC}") = "Ders_08_StringMethods", "Ders_08_StringMethods\Ders_08_StringMethods.csproj", "{23C8FDBF-4783-4D56-94FA-97DF3BE2AD56}"
EndProject
Global
	GlobalSection(SolutionConfigurationPlatforms) = preSolution
		Debug|Any CPU = Debug|Any CPU
		Release|Any CPU = Release|Any CPU
	EndGlobalSection
	GlobalSection(ProjectConfigurationPlatforms) = postSolution
		{23C8FDBF-4783-4D56-94FA-97DF3BE2AD56}.Debug|Any CPU.ActiveCfg = Debug|Any CPU
		{23C8FDBF-4783-4D56-94FA-97DF3BE2AD56}.Debug|Any CPU.Build.0 = Debug|Any CPU
		{23C8FDBF-4783-4D56-94FA-97DF3BE2AD56}.Release|Any CPU.ActiveCfg = Release|Any CPU
		{23C8FDBF-4783-4D56-94FA-97DF3BE2AD56}.Release|Any CPU.Build.0 = Release|Any CPU
	EndGlobalSection
	GlobalSection(SolutionProperties) = preSolution
		HideSolutionNode = FALSE
	EndGlobalSection
	GlobalSection(ExtensibilityGlobals) = postSolution
		SolutionGuid = {23FD92C7-991A-444C-8FE1-E559A0AACB1A}
	EndGlobalSection
EndGlobal
