
Microsoft Visual Studio Solution File, Format Version 12.00
# Visual Studio Version 16
VisualStudioVersion = 16.0.32002.261
MinimumVisualStudioVersion = 10.0.40219.1
Project("{FAE04EC0-301F-11D3-BF4B-00C04F79EFBC}") = "Ders10", "Ders10\Ders10.csproj", "{6E00B5A7-7AE8-4DF4-A534-B97A7C8113F0}"
EndProject
Global
	GlobalSection(SolutionConfigurationPlatforms) = preSolution
		Debug|Any CPU = Debug|Any CPU
		Release|Any CPU = Release|Any CPU
	EndGlobalSection
	GlobalSection(ProjectConfigurationPlatforms) = postSolution
		{6E00B5A7-7AE8-4DF4-A534-B97A7C8113F0}.Debug|Any CPU.ActiveCfg = Debug|Any CPU
		{6E00B5A7-7AE8-4DF4-A534-B97A7C8113F0}.Debug|Any CPU.Build.0 = Debug|Any CPU
		{6E00B5A7-7AE8-4DF4-A534-B97A7C8113F0}.Release|Any CPU.ActiveCfg = Release|Any CPU
		{6E00B5A7-7AE8-4DF4-A534-B97A7C8113F0}.Release|Any CPU.Build.0 = Release|Any CPU
	EndGlobalSection
	GlobalSection(SolutionProperties) = preSolution
		HideSolutionNode = FALSE
	EndGlobalSection
	GlobalSection(ExtensibilityGlobals) = postSolution
		SolutionGuid = {73BF51CA-5497-4EEB-8A82-620CB3FAAC06}
	EndGlobalSection
EndGlobal
