
Microsoft Visual Studio Solution File, Format Version 12.00
# Visual Studio Version 16
VisualStudioVersion = 16.0.32002.261
MinimumVisualStudioVersion = 10.0.40219.1
Project("{FAE04EC0-301F-11D3-BF4B-00C04F79EFBC}") = "Ders_06_Metot_Ornekleri", "Ders_06_Metot_Ornekleri\Ders_06_Metot_Ornekleri.csproj", "{0F3C3C5E-6DE4-4D33-9D12-042F8845BAB4}"
EndProject
Global
	GlobalSection(SolutionConfigurationPlatforms) = preSolution
		Debug|Any CPU = Debug|Any CPU
		Release|Any CPU = Release|Any CPU
	EndGlobalSection
	GlobalSection(ProjectConfigurationPlatforms) = postSolution
		{0F3C3C5E-6DE4-4D33-9D12-042F8845BAB4}.Debug|Any CPU.ActiveCfg = Debug|Any CPU
		{0F3C3C5E-6DE4-4D33-9D12-042F8845BAB4}.Debug|Any CPU.Build.0 = Debug|Any CPU
		{0F3C3C5E-6DE4-4D33-9D12-042F8845BAB4}.Release|Any CPU.ActiveCfg = Release|Any CPU
		{0F3C3C5E-6DE4-4D33-9D12-042F8845BAB4}.Release|Any CPU.Build.0 = Release|Any CPU
	EndGlobalSection
	GlobalSection(SolutionProperties) = preSolution
		HideSolutionNode = FALSE
	EndGlobalSection
	GlobalSection(ExtensibilityGlobals) = postSolution
		SolutionGuid = {D395DC3D-3AA9-4558-8784-10E95408FA38}
	EndGlobalSection
EndGlobal
