
Microsoft Visual Studio Solution File, Format Version 12.00
# Visual Studio Version 16
VisualStudioVersion = 16.0.32002.261
MinimumVisualStudioVersion = 10.0.40219.1
Project("{FAE04EC0-301F-11D3-BF4B-00C04F79EFBC}") = "Ders_08_Metotlar-4", "Ders_08_Metotlar-4\Ders_08_Metotlar-4.csproj", "{AAF1BA4A-45E3-4B4D-8D7D-B150647AE8C2}"
EndProject
Global
	GlobalSection(SolutionConfigurationPlatforms) = preSolution
		Debug|Any CPU = Debug|Any CPU
		Release|Any CPU = Release|Any CPU
	EndGlobalSection
	GlobalSection(ProjectConfigurationPlatforms) = postSolution
		{AAF1BA4A-45E3-4B4D-8D7D-B150647AE8C2}.Debug|Any CPU.ActiveCfg = Debug|Any CPU
		{AAF1BA4A-45E3-4B4D-8D7D-B150647AE8C2}.Debug|Any CPU.Build.0 = Debug|Any CPU
		{AAF1BA4A-45E3-4B4D-8D7D-B150647AE8C2}.Release|Any CPU.ActiveCfg = Release|Any CPU
		{AAF1BA4A-45E3-4B4D-8D7D-B150647AE8C2}.Release|Any CPU.Build.0 = Release|Any CPU
	EndGlobalSection
	GlobalSection(SolutionProperties) = preSolution
		HideSolutionNode = FALSE
	EndGlobalSection
	GlobalSection(ExtensibilityGlobals) = postSolution
		SolutionGuid = {9C897A69-F003-45C1-B539-359330804EDF}
	EndGlobalSection
EndGlobal
